
Microsoft Visual Studio Solution File, Format Version 12.00
Project("{FAE04EC0-301F-11D3-BF4B-00C04F79EFBC}") = "TaschenrechnerMitUi", "TaschenrechnerMitUi\TaschenrechnerMitUi.csproj", "{3F5A9C65-D942-4E9E-AB1C-73134D4E6DC4}"
EndProject
Project("{FAE04EC0-301F-11D3-BF4B-00C04F79EFBC}") = "TaschenrechnerTests", "TaschenrechnerTests\TaschenrechnerTests.csproj", "{39AEB994-3020-4F77-BD24-6C62A4543053}"
EndProject
Global
	GlobalSection(SolutionConfigurationPlatforms) = preSolution
		Debug|Any CPU = Debug|Any CPU
		Release|Any CPU = Release|Any CPU
	EndGlobalSection
	GlobalSection(ProjectConfigurationPlatforms) = postSolution
		{3F5A9C65-D942-4E9E-AB1C-73134D4E6DC4}.Debug|Any CPU.ActiveCfg = Debug|Any CPU
		{3F5A9C65-D942-4E9E-AB1C-73134D4E6DC4}.Debug|Any CPU.Build.0 = Debug|Any CPU
		{3F5A9C65-D942-4E9E-AB1C-73134D4E6DC4}.Release|Any CPU.ActiveCfg = Release|Any CPU
		{3F5A9C65-D942-4E9E-AB1C-73134D4E6DC4}.Release|Any CPU.Build.0 = Release|Any CPU
		{39AEB994-3020-4F77-BD24-6C62A4543053}.Debug|Any CPU.ActiveCfg = Debug|Any CPU
		{39AEB994-3020-4F77-BD24-6C62A4543053}.Debug|Any CPU.Build.0 = Debug|Any CPU
		{39AEB994-3020-4F77-BD24-6C62A4543053}.Release|Any CPU.ActiveCfg = Release|Any CPU
		{39AEB994-3020-4F77-BD24-6C62A4543053}.Release|Any CPU.Build.0 = Release|Any CPU
	EndGlobalSection
EndGlobal
